
Microsoft Visual Studio Solution File, Format Version 11.00
# Visual Studio 2010
Project("{FAE04EC0-301F-11D3-BF4B-00C04F79EFBC}") = "I am Starving!!", "Assembly-CSharp-firstpass.csproj", "{3C11044B-F18E-1FDF-8483-D40ACCD38F2D}"
EndProject
Project("{FAE04EC0-301F-11D3-BF4B-00C04F79EFBC}") = "I am Starving!!", "Assembly-CSharp.csproj", "{26814998-7187-D633-3452-E2D1BBFF2D26}"
EndProject
Project("{FAE04EC0-301F-11D3-BF4B-00C04F79EFBC}") = "I am Starving!!", "Assembly-CSharp-Editor.csproj", "{BE85AA61-5708-46D9-2E98-D2DD6BF4791A}"
EndProject
Global
	GlobalSection(SolutionConfigurationPlatforms) = preSolution
		Debug|Any CPU = Debug|Any CPU
		Release|Any CPU = Release|Any CPU
	EndGlobalSection
	GlobalSection(ProjectConfigurationPlatforms) = postSolution
		{3C11044B-F18E-1FDF-8483-D40ACCD38F2D}.Debug|Any CPU.ActiveCfg = Debug|Any CPU
		{3C11044B-F18E-1FDF-8483-D40ACCD38F2D}.Debug|Any CPU.Build.0 = Debug|Any CPU
		{3C11044B-F18E-1FDF-8483-D40ACCD38F2D}.Release|Any CPU.ActiveCfg = Release|Any CPU
		{3C11044B-F18E-1FDF-8483-D40ACCD38F2D}.Release|Any CPU.Build.0 = Release|Any CPU
		{26814998-7187-D633-3452-E2D1BBFF2D26}.Debug|Any CPU.ActiveCfg = Debug|Any CPU
		{26814998-7187-D633-3452-E2D1BBFF2D26}.Debug|Any CPU.Build.0 = Debug|Any CPU
		{26814998-7187-D633-3452-E2D1BBFF2D26}.Release|Any CPU.ActiveCfg = Release|Any CPU
		{26814998-7187-D633-3452-E2D1BBFF2D26}.Release|Any CPU.Build.0 = Release|Any CPU
		{BE85AA61-5708-46D9-2E98-D2DD6BF4791A}.Debug|Any CPU.ActiveCfg = Debug|Any CPU
		{BE85AA61-5708-46D9-2E98-D2DD6BF4791A}.Debug|Any CPU.Build.0 = Debug|Any CPU
		{BE85AA61-5708-46D9-2E98-D2DD6BF4791A}.Release|Any CPU.ActiveCfg = Release|Any CPU
		{BE85AA61-5708-46D9-2E98-D2DD6BF4791A}.Release|Any CPU.Build.0 = Release|Any CPU
	EndGlobalSection
	GlobalSection(SolutionProperties) = preSolution
		HideSolutionNode = FALSE
	EndGlobalSection
	GlobalSection(MonoDevelopProperties) = preSolution
		StartupItem = Assembly-CSharp.csproj
	EndGlobalSection
EndGlobal
